
Microsoft Visual Studio Solution File, Format Version 12.00
# Visual Studio Version 16
VisualStudioVersion = 16.0.30711.63
MinimumVisualStudioVersion = 10.0.40219.1
Project("{9A19103F-16F7-4668-BE54-9A1E7A4F7556}") = "App.AspNetCore", "Common\App.AspNetCore\App.AspNetCore.csproj", "{851224D4-1989-454F-8FEE-78DE94599FBD}"
EndProject
Project("{2150E333-8FDC-42A3-9474-1A3956D46DE8}") = "Libraries", "Libraries", "{5E7E3E65-4470-418D-A04C-A51CB8F048E2}"
EndProject
Project("{2150E333-8FDC-42A3-9474-1A3956D46DE8}") = "Common", "Common", "{CA112383-46C2-4889-9FA1-2408D37EF810}"
EndProject
Project("{2150E333-8FDC-42A3-9474-1A3956D46DE8}") = "Data", "Data", "{D26A8738-61B7-4B3C-937B-60949C9D6D67}"
EndProject
Project("{9A19103F-16F7-4668-BE54-9A1E7A4F7556}") = "App.IRepository", "Data\App.IRepository\App.IRepository.csproj", "{8D6B7294-17A1-44F3-B4BF-862BAE916FD8}"
EndProject
Project("{9A19103F-16F7-4668-BE54-9A1E7A4F7556}") = "App.Data.Entity", "Data\App.Data.Entity\App.Data.Entity.csproj", "{BF81368B-F600-4A01-8F35-21DAD82EBF3E}"
EndProject
Project("{2150E333-8FDC-42A3-9474-1A3956D46DE8}") = "Interface", "Interface", "{DEF35521-0D16-4BEA-81F1-98B89D9E3D6A}"
EndProject
Project("{9A19103F-16F7-4668-BE54-9A1E7A4F7556}") = "App.IServices", "Data\App.IServices\App.IServices.csproj", "{4157A056-ADDF-438D-9AAF-FB5816E1350D}"
EndProject
Project("{9A19103F-16F7-4668-BE54-9A1E7A4F7556}") = "App.Data.Enum", "Data\App.Data.Enum\App.Data.Enum.csproj", "{95D0D8F7-D8C6-4440-B3B6-81AC2745C5C6}"
EndProject
Project("{9A19103F-16F7-4668-BE54-9A1E7A4F7556}") = "App.Data.Model", "Data\App.Data.Model\App.Data.Model.csproj", "{5A8CF7D5-7B67-49AB-B07C-35ED35A47871}"
EndProject
Project("{9A19103F-16F7-4668-BE54-9A1E7A4F7556}") = "App.Repository", "Data\App.Repository\App.Repository.csproj", "{03C97918-AB19-423B-9BA6-7BF4DC32C309}"
EndProject
Project("{9A19103F-16F7-4668-BE54-9A1E7A4F7556}") = "App.Services", "Data\App.Services\App.Services.csproj", "{B1961A2A-0DE6-4064-8CB3-C694C43FAEEF}"
EndProject
Project("{9A19103F-16F7-4668-BE54-9A1E7A4F7556}") = "App.Config", "Common\App.Config\App.Config.csproj", "{43E81C21-F731-4478-9CE8-D0894F2A73AE}"
EndProject
Project("{9A19103F-16F7-4668-BE54-9A1E7A4F7556}") = "App.AutoMapper", "Common\App.AutoMapper\App.AutoMapper.csproj", "{7738EB8A-6E54-40E7-AE15-884CD8371412}"
EndProject
Project("{9A19103F-16F7-4668-BE54-9A1E7A4F7556}") = "XPlayApp", "XPlayApp\XPlayApp.csproj", "{98AE1807-4954-4502-9221-D48A78E3ECB6}"
EndProject
Project("{9A19103F-16F7-4668-BE54-9A1E7A4F7556}") = "App.Util", "Common\App.Util\App.Util.csproj", "{15CD4A13-6891-498C-A984-6F244611B489}"
EndProject
Project("{9A19103F-16F7-4668-BE54-9A1E7A4F7556}") = "OnceMi.AspNetCore.FFmpeg", "Libraries\OnceMi.AspNetCore.FFmpeg\OnceMi.AspNetCore.FFmpeg.csproj", "{6FEC0667-1828-4E4B-819F-BE2BA2FAC653}"
EndProject
Global
	GlobalSection(SolutionConfigurationPlatforms) = preSolution
		Debug|Any CPU = Debug|Any CPU
		Release|Any CPU = Release|Any CPU
	EndGlobalSection
	GlobalSection(ProjectConfigurationPlatforms) = postSolution
		{851224D4-1989-454F-8FEE-78DE94599FBD}.Debug|Any CPU.ActiveCfg = Debug|Any CPU
		{851224D4-1989-454F-8FEE-78DE94599FBD}.Debug|Any CPU.Build.0 = Debug|Any CPU
		{851224D4-1989-454F-8FEE-78DE94599FBD}.Release|Any CPU.ActiveCfg = Release|Any CPU
		{851224D4-1989-454F-8FEE-78DE94599FBD}.Release|Any CPU.Build.0 = Release|Any CPU
		{8D6B7294-17A1-44F3-B4BF-862BAE916FD8}.Debug|Any CPU.ActiveCfg = Debug|Any CPU
		{8D6B7294-17A1-44F3-B4BF-862BAE916FD8}.Debug|Any CPU.Build.0 = Debug|Any CPU
		{8D6B7294-17A1-44F3-B4BF-862BAE916FD8}.Release|Any CPU.ActiveCfg = Release|Any CPU
		{8D6B7294-17A1-44F3-B4BF-862BAE916FD8}.Release|Any CPU.Build.0 = Release|Any CPU
		{BF81368B-F600-4A01-8F35-21DAD82EBF3E}.Debug|Any CPU.ActiveCfg = Debug|Any CPU
		{BF81368B-F600-4A01-8F35-21DAD82EBF3E}.Debug|Any CPU.Build.0 = Debug|Any CPU
		{BF81368B-F600-4A01-8F35-21DAD82EBF3E}.Release|Any CPU.ActiveCfg = Release|Any CPU
		{BF81368B-F600-4A01-8F35-21DAD82EBF3E}.Release|Any CPU.Build.0 = Release|Any CPU
		{4157A056-ADDF-438D-9AAF-FB5816E1350D}.Debug|Any CPU.ActiveCfg = Debug|Any CPU
		{4157A056-ADDF-438D-9AAF-FB5816E1350D}.Debug|Any CPU.Build.0 = Debug|Any CPU
		{4157A056-ADDF-438D-9AAF-FB5816E1350D}.Release|Any CPU.ActiveCfg = Release|Any CPU
		{4157A056-ADDF-438D-9AAF-FB5816E1350D}.Release|Any CPU.Build.0 = Release|Any CPU
		{95D0D8F7-D8C6-4440-B3B6-81AC2745C5C6}.Debug|Any CPU.ActiveCfg = Debug|Any CPU
		{95D0D8F7-D8C6-4440-B3B6-81AC2745C5C6}.Debug|Any CPU.Build.0 = Debug|Any CPU
		{95D0D8F7-D8C6-4440-B3B6-81AC2745C5C6}.Release|Any CPU.ActiveCfg = Release|Any CPU
		{95D0D8F7-D8C6-4440-B3B6-81AC2745C5C6}.Release|Any CPU.Build.0 = Release|Any CPU
		{5A8CF7D5-7B67-49AB-B07C-35ED35A47871}.Debug|Any CPU.ActiveCfg = Debug|Any CPU
		{5A8CF7D5-7B67-49AB-B07C-35ED35A47871}.Debug|Any CPU.Build.0 = Debug|Any CPU
		{5A8CF7D5-7B67-49AB-B07C-35ED35A47871}.Release|Any CPU.ActiveCfg = Release|Any CPU
		{5A8CF7D5-7B67-49AB-B07C-35ED35A47871}.Release|Any CPU.Build.0 = Release|Any CPU
		{03C97918-AB19-423B-9BA6-7BF4DC32C309}.Debug|Any CPU.ActiveCfg = Debug|Any CPU
		{03C97918-AB19-423B-9BA6-7BF4DC32C309}.Debug|Any CPU.Build.0 = Debug|Any CPU
		{03C97918-AB19-423B-9BA6-7BF4DC32C309}.Release|Any CPU.ActiveCfg = Release|Any CPU
		{03C97918-AB19-423B-9BA6-7BF4DC32C309}.Release|Any CPU.Build.0 = Release|Any CPU
		{B1961A2A-0DE6-4064-8CB3-C694C43FAEEF}.Debug|Any CPU.ActiveCfg = Debug|Any CPU
		{B1961A2A-0DE6-4064-8CB3-C694C43FAEEF}.Debug|Any CPU.Build.0 = Debug|Any CPU
		{B1961A2A-0DE6-4064-8CB3-C694C43FAEEF}.Release|Any CPU.ActiveCfg = Release|Any CPU
		{B1961A2A-0DE6-4064-8CB3-C694C43FAEEF}.Release|Any CPU.Build.0 = Release|Any CPU
		{43E81C21-F731-4478-9CE8-D0894F2A73AE}.Debug|Any CPU.ActiveCfg = Debug|Any CPU
		{43E81C21-F731-4478-9CE8-D0894F2A73AE}.Debug|Any CPU.Build.0 = Debug|Any CPU
		{43E81C21-F731-4478-9CE8-D0894F2A73AE}.Release|Any CPU.ActiveCfg = Release|Any CPU
		{43E81C21-F731-4478-9CE8-D0894F2A73AE}.Release|Any CPU.Build.0 = Release|Any CPU
		{7738EB8A-6E54-40E7-AE15-884CD8371412}.Debug|Any CPU.ActiveCfg = Debug|Any CPU
		{7738EB8A-6E54-40E7-AE15-884CD8371412}.Debug|Any CPU.Build.0 = Debug|Any CPU
		{7738EB8A-6E54-40E7-AE15-884CD8371412}.Release|Any CPU.ActiveCfg = Release|Any CPU
		{7738EB8A-6E54-40E7-AE15-884CD8371412}.Release|Any CPU.Build.0 = Release|Any CPU
		{98AE1807-4954-4502-9221-D48A78E3ECB6}.Debug|Any CPU.ActiveCfg = Debug|Any CPU
		{98AE1807-4954-4502-9221-D48A78E3ECB6}.Debug|Any CPU.Build.0 = Debug|Any CPU
		{98AE1807-4954-4502-9221-D48A78E3ECB6}.Release|Any CPU.ActiveCfg = Release|Any CPU
		{98AE1807-4954-4502-9221-D48A78E3ECB6}.Release|Any CPU.Build.0 = Release|Any CPU
		{15CD4A13-6891-498C-A984-6F244611B489}.Debug|Any CPU.ActiveCfg = Debug|Any CPU
		{15CD4A13-6891-498C-A984-6F244611B489}.Debug|Any CPU.Build.0 = Debug|Any CPU
		{15CD4A13-6891-498C-A984-6F244611B489}.Release|Any CPU.ActiveCfg = Release|Any CPU
		{15CD4A13-6891-498C-A984-6F244611B489}.Release|Any CPU.Build.0 = Release|Any CPU
		{6FEC0667-1828-4E4B-819F-BE2BA2FAC653}.Debug|Any CPU.ActiveCfg = Debug|Any CPU
		{6FEC0667-1828-4E4B-819F-BE2BA2FAC653}.Debug|Any CPU.Build.0 = Debug|Any CPU
		{6FEC0667-1828-4E4B-819F-BE2BA2FAC653}.Release|Any CPU.ActiveCfg = Release|Any CPU
		{6FEC0667-1828-4E4B-819F-BE2BA2FAC653}.Release|Any CPU.Build.0 = Release|Any CPU
	EndGlobalSection
	GlobalSection(SolutionProperties) = preSolution
		HideSolutionNode = FALSE
	EndGlobalSection
	GlobalSection(NestedProjects) = preSolution
		{851224D4-1989-454F-8FEE-78DE94599FBD} = {CA112383-46C2-4889-9FA1-2408D37EF810}
		{8D6B7294-17A1-44F3-B4BF-862BAE916FD8} = {DEF35521-0D16-4BEA-81F1-98B89D9E3D6A}
		{BF81368B-F600-4A01-8F35-21DAD82EBF3E} = {D26A8738-61B7-4B3C-937B-60949C9D6D67}
		{DEF35521-0D16-4BEA-81F1-98B89D9E3D6A} = {D26A8738-61B7-4B3C-937B-60949C9D6D67}
		{4157A056-ADDF-438D-9AAF-FB5816E1350D} = {DEF35521-0D16-4BEA-81F1-98B89D9E3D6A}
		{95D0D8F7-D8C6-4440-B3B6-81AC2745C5C6} = {D26A8738-61B7-4B3C-937B-60949C9D6D67}
		{5A8CF7D5-7B67-49AB-B07C-35ED35A47871} = {D26A8738-61B7-4B3C-937B-60949C9D6D67}
		{03C97918-AB19-423B-9BA6-7BF4DC32C309} = {D26A8738-61B7-4B3C-937B-60949C9D6D67}
		{B1961A2A-0DE6-4064-8CB3-C694C43FAEEF} = {D26A8738-61B7-4B3C-937B-60949C9D6D67}
		{43E81C21-F731-4478-9CE8-D0894F2A73AE} = {CA112383-46C2-4889-9FA1-2408D37EF810}
		{7738EB8A-6E54-40E7-AE15-884CD8371412} = {CA112383-46C2-4889-9FA1-2408D37EF810}
		{15CD4A13-6891-498C-A984-6F244611B489} = {CA112383-46C2-4889-9FA1-2408D37EF810}
		{6FEC0667-1828-4E4B-819F-BE2BA2FAC653} = {5E7E3E65-4470-418D-A04C-A51CB8F048E2}
	EndGlobalSection
	GlobalSection(ExtensibilityGlobals) = postSolution
		SolutionGuid = {BE905DD4-A3D7-4E87-9388-B2D4CF82740A}
	EndGlobalSection
EndGlobal
